// !$*UTF8*$!
{
	archiveVersion = 1;
	classes = {
	};
	objectVersion = 46;
	objects = {

/* Begin PBXBuildFile section */
		C311E9DF1655453B006D6197 /* UIKit.framework in Frameworks */ = {isa = PBXBuildFile; fileRef = C311E9DE1655453B006D6197 /* UIKit.framework */; };
		C311E9E11655453B006D6197 /* Foundation.framework in Frameworks */ = {isa = PBXBuildFile; fileRef = C311E9E01655453B006D6197 /* Foundation.framework */; };
		C311E9E31655453B006D6197 /* CoreGraphics.framework in Frameworks */ = {isa = PBXBuildFile; fileRef = C311E9E21655453B006D6197 /* CoreGraphics.framework */; };
		C3408B291655527E009AEBB1 /* Cameo.framework in Frameworks */ = {isa = PBXBuildFile; fileRef = C3408B281655527D009AEBB1 /* Cameo.framework */; };
		C3FAC2B31655621D00A4A5DE /* AppDelegate.m in Sources */ = {isa = PBXBuildFile; fileRef = C3FAC27A1655621D00A4A5DE /* AppDelegate.m */; };
		C3FAC2B41655621D00A4A5DE /* main.m in Sources */ = {isa = PBXBuildFile; fileRef = C3FAC27C1655621D00A4A5DE /* main.m */; };
		C3FAC2B51655621D00A4A5DE /* TimelineViewController.m in Sources */ = {isa = PBXBuildFile; fileRef = C3FAC27E1655621D00A4A5DE /* TimelineViewController.m */; };
		C3FAC2B61655621D00A4A5DE /* Icon-72.png in Resources */ = {isa = PBXBuildFile; fileRef = C3FAC2811655621D00A4A5DE /* Icon-72.png */; };
		C3FAC2B71655621D00A4A5DE /* Icon-72@2x.png in Resources */ = {isa = PBXBuildFile; fileRef = C3FAC2821655621D00A4A5DE /* Icon-72@2x.png */; };
		C3FAC2B81655621D00A4A5DE /* Icon-Small-50.png in Resources */ = {isa = PBXBuildFile; fileRef = C3FAC2831655621D00A4A5DE /* Icon-Small-50.png */; };
		C3FAC2B91655621D00A4A5DE /* Icon-Small-50@2x.png in Resources */ = {isa = PBXBuildFile; fileRef = C3FAC2841655621D00A4A5DE /* Icon-Small-50@2x.png */; };
		C3FAC2BA1655621D00A4A5DE /* Icon-Small.png in Resources */ = {isa = PBXBuildFile; fileRef = C3FAC2851655621D00A4A5DE /* Icon-Small.png */; };
		C3FAC2BB1655621D00A4A5DE /* Icon-Small@2x.png in Resources */ = {isa = PBXBuildFile; fileRef = C3FAC2861655621D00A4A5DE /* Icon-Small@2x.png */; };
		C3FAC2BC1655621D00A4A5DE /* Icon.png in Resources */ = {isa = PBXBuildFile; fileRef = C3FAC2871655621D00A4A5DE /* Icon.png */; };
		C3FAC2BD1655621D00A4A5DE /* Icon@2x.png in Resources */ = {isa = PBXBuildFile; fileRef = C3FAC2881655621D00A4A5DE /* Icon@2x.png */; };
		C3FAC2BE1655621D00A4A5DE /* iTunesArtwork.png in Resources */ = {isa = PBXBuildFile; fileRef = C3FAC2891655621D00A4A5DE /* iTunesArtwork.png */; };
		C3FAC2BF1655621D00A4A5DE /* iTunesArtwork@2x.png in Resources */ = {isa = PBXBuildFile; fileRef = C3FAC28A1655621D00A4A5DE /* iTunesArtwork@2x.png */; };
		C3FAC2C01655621D00A4A5DE /* background.png in Resources */ = {isa = PBXBuildFile; fileRef = C3FAC28C1655621D00A4A5DE /* background.png */; };
		C3FAC2C11655621D00A4A5DE /* background@2x.png in Resources */ = {isa = PBXBuildFile; fileRef = C3FAC28D1655621D00A4A5DE /* background@2x.png */; };
		C3FAC2C81655621D00A4A5DE /* dummy_girl_1.png in Resources */ = {isa = PBXBuildFile; fileRef = C3FAC2941655621D00A4A5DE /* dummy_girl_1.png */; };
		C3FAC2C91655621D00A4A5DE /* dummy_girl_1@2x.png in Resources */ = {isa = PBXBuildFile; fileRef = C3FAC2951655621D00A4A5DE /* dummy_girl_1@2x.png */; };
		C3FAC2CA1655621D00A4A5DE /* dummy_girl_2.png in Resources */ = {isa = PBXBuildFile; fileRef = C3FAC2961655621D00A4A5DE /* dummy_girl_2.png */; };
		C3FAC2CB1655621D00A4A5DE /* dummy_girl_2@2x.png in Resources */ = {isa = PBXBuildFile; fileRef = C3FAC2971655621D00A4A5DE /* dummy_girl_2@2x.png */; };
		C3FAC2CC1655621D00A4A5DE /* dummy_guy_1.png in Resources */ = {isa = PBXBuildFile; fileRef = C3FAC2981655621D00A4A5DE /* dummy_guy_1.png */; };
		C3FAC2CD1655621D00A4A5DE /* dummy_guy_1@2x.png in Resources */ = {isa = PBXBuildFile; fileRef = C3FAC2991655621D00A4A5DE /* dummy_guy_1@2x.png */; };
		C3FAC2CE1655621D00A4A5DE /* dummy_guy_2.png in Resources */ = {isa = PBXBuildFile; fileRef = C3FAC29A1655621D00A4A5DE /* dummy_guy_2.png */; };
		C3FAC2CF1655621D00A4A5DE /* dummy_guy_2@2x.png in Resources */ = {isa = PBXBuildFile; fileRef = C3FAC29B1655621D00A4A5DE /* dummy_guy_2@2x.png */; };
		C3FAC2D01655621D00A4A5DE /* dummy_guy_3.png in Resources */ = {isa = PBXBuildFile; fileRef = C3FAC29C1655621D00A4A5DE /* dummy_guy_3.png */; };
		C3FAC2D11655621D00A4A5DE /* dummy_guy_3@2x.png in Resources */ = {isa = PBXBuildFile; fileRef = C3FAC29D1655621D00A4A5DE /* dummy_guy_3@2x.png */; };
		C3FAC2D21655621D00A4A5DE /* line.png in Resources */ = {isa = PBXBuildFile; fileRef = C3FAC29E1655621D00A4A5DE /* line.png */; };
		C3FAC2D31655621D00A4A5DE /* line@2x.png in Resources */ = {isa = PBXBuildFile; fileRef = C3FAC29F1655621D00A4A5DE /* line@2x.png */; };
		C3FAC2D41655621D00A4A5DE /* point-blue.png in Resources */ = {isa = PBXBuildFile; fileRef = C3FAC2A01655621D00A4A5DE /* point-blue.png */; };
		C3FAC2D51655621D00A4A5DE /* point-blue@2x.png in Resources */ = {isa = PBXBuildFile; fileRef = C3FAC2A11655621D00A4A5DE /* point-blue@2x.png */; };
		C3FAC2D61655621D00A4A5DE /* point-dark.png in Resources */ = {isa = PBXBuildFile; fileRef = C3FAC2A21655621D00A4A5DE /* point-dark.png */; };
		C3FAC2D71655621D00A4A5DE /* point-dark@2x.png in Resources */ = {isa = PBXBuildFile; fileRef = C3FAC2A31655621D00A4A5DE /* point-dark@2x.png */; };
		C3FAC2D81655621D00A4A5DE /* point-light.png in Resources */ = {isa = PBXBuildFile; fileRef = C3FAC2A41655621D00A4A5DE /* point-light.png */; };
		C3FAC2D91655621D00A4A5DE /* point-light@2x.png in Resources */ = {isa = PBXBuildFile; fileRef = C3FAC2A51655621D00A4A5DE /* point-light@2x.png */; };
		C3FAC2DC1655621D00A4A5DE /* Default-568h@2x.png in Resources */ = {isa = PBXBuildFile; fileRef = C3FAC2A91655621D00A4A5DE /* Default-568h@2x.png */; };
		C3FAC2DD1655621D00A4A5DE /* Default.png in Resources */ = {isa = PBXBuildFile; fileRef = C3FAC2AA1655621D00A4A5DE /* Default.png */; };
		C3FAC2DE1655621D00A4A5DE /* Default@2x.png in Resources */ = {isa = PBXBuildFile; fileRef = C3FAC2AB1655621D00A4A5DE /* Default@2x.png */; };
		C3FAC2DF1655621D00A4A5DE /* InfoPlist.strings in Resources */ = {isa = PBXBuildFile; fileRef = C3FAC2AD1655621D00A4A5DE /* InfoPlist.strings */; };
		C3FAC2E11655621D00A4A5DE /* TimelineViewController.xib in Resources */ = {isa = PBXBuildFile; fileRef = C3FAC2B21655621D00A4A5DE /* TimelineViewController.xib */; };
		C3FAC2E81655636000A4A5DE /* balloon.png in Resources */ = {isa = PBXBuildFile; fileRef = C3FAC2E61655636000A4A5DE /* balloon.png */; };
		C3FAC2E91655636000A4A5DE /* balloon@2x.png in Resources */ = {isa = PBXBuildFile; fileRef = C3FAC2E71655636000A4A5DE /* balloon@2x.png */; };
		C3FAC2ED1655636500A4A5DE /* frame-background.png in Resources */ = {isa = PBXBuildFile; fileRef = C3FAC2EB1655636500A4A5DE /* frame-background.png */; };
		C3FAC2EE1655636500A4A5DE /* frame-background@2x.png in Resources */ = {isa = PBXBuildFile; fileRef = C3FAC2EC1655636500A4A5DE /* frame-background@2x.png */; };
		C3FAC2F0165563C100A4A5DE /* TimelineViewControllerA.xib in Resources */ = {isa = PBXBuildFile; fileRef = C3FAC2EF165563C100A4A5DE /* TimelineViewControllerA.xib */; };
/* End PBXBuildFile section */

/* Begin PBXFileReference section */
		C311E9DA1655453B006D6197 /* omni_timeline.app */ = {isa = PBXFileReference; explicitFileType = wrapper.application; includeInIndex = 0; path = omni_timeline.app; sourceTree = BUILT_PRODUCTS_DIR; };
		C311E9DE1655453B006D6197 /* UIKit.framework */ = {isa = PBXFileReference; lastKnownFileType = wrapper.framework; name = UIKit.framework; path = System/Library/Frameworks/UIKit.framework; sourceTree = SDKROOT; };
		C311E9E01655453B006D6197 /* Foundation.framework */ = {isa = PBXFileReference; lastKnownFileType = wrapper.framework; name = Foundation.framework; path = System/Library/Frameworks/Foundation.framework; sourceTree = SDKROOT; };
		C311E9E21655453B006D6197 /* CoreGraphics.framework */ = {isa = PBXFileReference; lastKnownFileType = wrapper.framework; name = CoreGraphics.framework; path = System/Library/Frameworks/CoreGraphics.framework; sourceTree = SDKROOT; };
		C3408B281655527D009AEBB1 /* Cameo.framework */ = {isa = PBXFileReference; lastKnownFileType = wrapper.framework; name = Cameo.framework; path = ../../../Documents/Cameo/Cameo.framework; sourceTree = "<group>"; };
		C3FAC2791655621D00A4A5DE /* AppDelegate.h */ = {isa = PBXFileReference; fileEncoding = 4; lastKnownFileType = sourcecode.c.h; path = AppDelegate.h; sourceTree = "<group>"; };
		C3FAC27A1655621D00A4A5DE /* AppDelegate.m */ = {isa = PBXFileReference; fileEncoding = 4; lastKnownFileType = sourcecode.c.objc; path = AppDelegate.m; sourceTree = "<group>"; };
		C3FAC27B1655621D00A4A5DE /* Dependencies.h */ = {isa = PBXFileReference; fileEncoding = 4; lastKnownFileType = sourcecode.c.h; path = Dependencies.h; sourceTree = "<group>"; };
		C3FAC27C1655621D00A4A5DE /* main.m */ = {isa = PBXFileReference; fileEncoding = 4; lastKnownFileType = sourcecode.c.objc; path = main.m; sourceTree = "<group>"; };
		C3FAC27D1655621D00A4A5DE /* TimelineViewController.h */ = {isa = PBXFileReference; fileEncoding = 4; lastKnownFileType = sourcecode.c.h; path = TimelineViewController.h; sourceTree = "<group>"; };
		C3FAC27E1655621D00A4A5DE /* TimelineViewController.m */ = {isa = PBXFileReference; fileEncoding = 4; lastKnownFileType = sourcecode.c.objc; path = TimelineViewController.m; sourceTree = "<group>"; };
		C3FAC2811655621D00A4A5DE /* Icon-72.png */ = {isa = PBXFileReference; lastKnownFileType = image.png; path = "Icon-72.png"; sourceTree = "<group>"; };
		C3FAC2821655621D00A4A5DE /* Icon-72@2x.png */ = {isa = PBXFileReference; lastKnownFileType = image.png; path = "Icon-72@2x.png"; sourceTree = "<group>"; };
		C3FAC2831655621D00A4A5DE /* Icon-Small-50.png */ = {isa = PBXFileReference; lastKnownFileType = image.png; path = "Icon-Small-50.png"; sourceTree = "<group>"; };
		C3FAC2841655621D00A4A5DE /* Icon-Small-50@2x.png */ = {isa = PBXFileReference; lastKnownFileType = image.png; path = "Icon-Small-50@2x.png"; sourceTree = "<group>"; };
		C3FAC2851655621D00A4A5DE /* Icon-Small.png */ = {isa = PBXFileReference; lastKnownFileType = image.png; path = "Icon-Small.png"; sourceTree = "<group>"; };
		C3FAC2861655621D00A4A5DE /* Icon-Small@2x.png */ = {isa = PBXFileReference; lastKnownFileType = image.png; path = "Icon-Small@2x.png"; sourceTree = "<group>"; };
		C3FAC2871655621D00A4A5DE /* Icon.png */ = {isa = PBXFileReference; lastKnownFileType = image.png; path = Icon.png; sourceTree = "<group>"; };
		C3FAC2881655621D00A4A5DE /* Icon@2x.png */ = {isa = PBXFileReference; lastKnownFileType = image.png; path = "Icon@2x.png"; sourceTree = "<group>"; };
		C3FAC2891655621D00A4A5DE /* iTunesArtwork.png */ = {isa = PBXFileReference; lastKnownFileType = image.png; path = iTunesArtwork.png; sourceTree = "<group>"; };
		C3FAC28A1655621D00A4A5DE /* iTunesArtwork@2x.png */ = {isa = PBXFileReference; lastKnownFileType = image.png; path = "iTunesArtwork@2x.png"; sourceTree = "<group>"; };
		C3FAC28C1655621D00A4A5DE /* background.png */ = {isa = PBXFileReference; lastKnownFileType = image.png; path = background.png; sourceTree = "<group>"; };
		C3FAC28D1655621D00A4A5DE /* background@2x.png */ = {isa = PBXFileReference; lastKnownFileType = image.png; path = "background@2x.png"; sourceTree = "<group>"; };
		C3FAC2941655621D00A4A5DE /* dummy_girl_1.png */ = {isa = PBXFileReference; lastKnownFileType = image.png; path = dummy_girl_1.png; sourceTree = "<group>"; };
		C3FAC2951655621D00A4A5DE /* dummy_girl_1@2x.png */ = {isa = PBXFileReference; lastKnownFileType = image.png; path = "dummy_girl_1@2x.png"; sourceTree = "<group>"; };
		C3FAC2961655621D00A4A5DE /* dummy_girl_2.png */ = {isa = PBXFileReference; lastKnownFileType = image.png; path = dummy_girl_2.png; sourceTree = "<group>"; };
		C3FAC2971655621D00A4A5DE /* dummy_girl_2@2x.png */ = {isa = PBXFileReference; lastKnownFileType = image.png; path = "dummy_girl_2@2x.png"; sourceTree = "<group>"; };
		C3FAC2981655621D00A4A5DE /* dummy_guy_1.png */ = {isa = PBXFileReference; lastKnownFileType = image.png; path = dummy_guy_1.png; sourceTree = "<group>"; };
		C3FAC2991655621D00A4A5DE /* dummy_guy_1@2x.png */ = {isa = PBXFileReference; lastKnownFileType = image.png; path = "dummy_guy_1@2x.png"; sourceTree = "<group>"; };
		C3FAC29A1655621D00A4A5DE /* dummy_guy_2.png */ = {isa = PBXFileReference; lastKnownFileType = image.png; path = dummy_guy_2.png; sourceTree = "<group>"; };
		C3FAC29B1655621D00A4A5DE /* dummy_guy_2@2x.png */ = {isa = PBXFileReference; lastKnownFileType = image.png; path = "dummy_guy_2@2x.png"; sourceTree = "<group>"; };
		C3FAC29C1655621D00A4A5DE /* dummy_guy_3.png */ = {isa = PBXFileReference; lastKnownFileType = image.png; path = dummy_guy_3.png; sourceTree = "<group>"; };
		C3FAC29D1655621D00A4A5DE /* dummy_guy_3@2x.png */ = {isa = PBXFileReference; lastKnownFileType = image.png; path = "dummy_guy_3@2x.png"; sourceTree = "<group>"; };
		C3FAC29E1655621D00A4A5DE /* line.png */ = {isa = PBXFileReference; lastKnownFileType = image.png; path = line.png; sourceTree = "<group>"; };
		C3FAC29F1655621D00A4A5DE /* line@2x.png */ = {isa = PBXFileReference; lastKnownFileType = image.png; path = "line@2x.png"; sourceTree = "<group>"; };
		C3FAC2A01655621D00A4A5DE /* point-blue.png */ = {isa = PBXFileReference; lastKnownFileType = image.png; path = "point-blue.png"; sourceTree = "<group>"; };
		C3FAC2A11655621D00A4A5DE /* point-blue@2x.png */ = {isa = PBXFileReference; lastKnownFileType = image.png; path = "point-blue@2x.png"; sourceTree = "<group>"; };
		C3FAC2A21655621D00A4A5DE /* point-dark.png */ = {isa = PBXFileReference; lastKnownFileType = image.png; path = "point-dark.png"; sourceTree = "<group>"; };
		C3FAC2A31655621D00A4A5DE /* point-dark@2x.png */ = {isa = PBXFileReference; lastKnownFileType = image.png; path = "point-dark@2x.png"; sourceTree = "<group>"; };
		C3FAC2A41655621D00A4A5DE /* point-light.png */ = {isa = PBXFileReference; lastKnownFileType = image.png; path = "point-light.png"; sourceTree = "<group>"; };
		C3FAC2A51655621D00A4A5DE /* point-light@2x.png */ = {isa = PBXFileReference; lastKnownFileType = image.png; path = "point-light@2x.png"; sourceTree = "<group>"; };
		C3FAC2A91655621D00A4A5DE /* Default-568h@2x.png */ = {isa = PBXFileReference; lastKnownFileType = image.png; path = "Default-568h@2x.png"; sourceTree = "<group>"; };
		C3FAC2AA1655621D00A4A5DE /* Default.png */ = {isa = PBXFileReference; lastKnownFileType = image.png; path = Default.png; sourceTree = "<group>"; };
		C3FAC2AB1655621D00A4A5DE /* Default@2x.png */ = {isa = PBXFileReference; lastKnownFileType = image.png; path = "Default@2x.png"; sourceTree = "<group>"; };
		C3FAC2AE1655621D00A4A5DE /* en */ = {isa = PBXFileReference; lastKnownFileType = text.plist.strings; name = en; path = en.lproj/InfoPlist.strings; sourceTree = "<group>"; };
		C3FAC2AF1655621D00A4A5DE /* omni_timeline-Info.plist */ = {isa = PBXFileReference; fileEncoding = 4; lastKnownFileType = text.plist.xml; path = "omni_timeline-Info.plist"; sourceTree = "<group>"; };
		C3FAC2B01655621D00A4A5DE /* omni_timeline-Prefix.pch */ = {isa = PBXFileReference; fileEncoding = 4; lastKnownFileType = sourcecode.c.h; path = "omni_timeline-Prefix.pch"; sourceTree = "<group>"; };
		C3FAC2B21655621D00A4A5DE /* TimelineViewController.xib */ = {isa = PBXFileReference; fileEncoding = 4; lastKnownFileType = file.xib; path = TimelineViewController.xib; sourceTree = "<group>"; };
		C3FAC2E61655636000A4A5DE /* balloon.png */ = {isa = PBXFileReference; lastKnownFileType = image.png; path = balloon.png; sourceTree = "<group>"; };
		C3FAC2E71655636000A4A5DE /* balloon@2x.png */ = {isa = PBXFileReference; lastKnownFileType = image.png; path = "balloon@2x.png"; sourceTree = "<group>"; };
		C3FAC2EB1655636500A4A5DE /* frame-background.png */ = {isa = PBXFileReference; lastKnownFileType = image.png; path = "frame-background.png"; sourceTree = "<group>"; };
		C3FAC2EC1655636500A4A5DE /* frame-background@2x.png */ = {isa = PBXFileReference; lastKnownFileType = image.png; path = "frame-background@2x.png"; sourceTree = "<group>"; };
		C3FAC2EF165563C100A4A5DE /* TimelineViewControllerA.xib */ = {isa = PBXFileReference; fileEncoding = 4; lastKnownFileType = file.xib; path = TimelineViewControllerA.xib; sourceTree = "<group>"; };
/* End PBXFileReference section */

/* Begin PBXFrameworksBuildPhase section */
		C311E9D71655453B006D6197 /* Frameworks */ = {
			isa = PBXFrameworksBuildPhase;
			buildActionMask = 2147483647;
			files = (
				C3408B291655527E009AEBB1 /* Cameo.framework in Frameworks */,
				C311E9DF1655453B006D6197 /* UIKit.framework in Frameworks */,
				C311E9E11655453B006D6197 /* Foundation.framework in Frameworks */,
				C311E9E31655453B006D6197 /* CoreGraphics.framework in Frameworks */,
			);
			runOnlyForDeploymentPostprocessing = 0;
		};
/* End PBXFrameworksBuildPhase section */

/* Begin PBXGroup section */
		C311E9CF1655453B006D6197 = {
			isa = PBXGroup;
			children = (
				C311E9E41655453B006D6197 /* Omni Timeline */,
				C311E9DD1655453B006D6197 /* Frameworks */,
				C311E9DB1655453B006D6197 /* Products */,
			);
			sourceTree = "<group>";
		};
		C311E9DB1655453B006D6197 /* Products */ = {
			isa = PBXGroup;
			children = (
				C311E9DA1655453B006D6197 /* omni_timeline.app */,
			);
			name = Products;
			sourceTree = "<group>";
		};
		C311E9DD1655453B006D6197 /* Frameworks */ = {
			isa = PBXGroup;
			children = (
				C3408B281655527D009AEBB1 /* Cameo.framework */,
				C311E9DE1655453B006D6197 /* UIKit.framework */,
				C311E9E01655453B006D6197 /* Foundation.framework */,
				C311E9E21655453B006D6197 /* CoreGraphics.framework */,
			);
			name = Frameworks;
			sourceTree = "<group>";
		};
		C311E9E41655453B006D6197 /* Omni Timeline */ = {
			isa = PBXGroup;
			children = (
				C3FAC2781655621D00A4A5DE /* classes */,
				C3FAC27F1655621D00A4A5DE /* static */,
				C3FAC2AC1655621D00A4A5DE /* support */,
				C3FAC2B11655621D00A4A5DE /* views */,
			);
			path = "Omni Timeline";
			sourceTree = "<group>";
		};
		C3FAC2781655621D00A4A5DE /* classes */ = {
			isa = PBXGroup;
			children = (
				C3FAC2791655621D00A4A5DE /* AppDelegate.h */,
				C3FAC27A1655621D00A4A5DE /* AppDelegate.m */,
				C3FAC27B1655621D00A4A5DE /* Dependencies.h */,
				C3FAC27C1655621D00A4A5DE /* main.m */,
				C3FAC27D1655621D00A4A5DE /* TimelineViewController.h */,
				C3FAC27E1655621D00A4A5DE /* TimelineViewController.m */,
			);
			name = classes;
			path = omni_timeline/classes;
			sourceTree = SOURCE_ROOT;
		};
		C3FAC27F1655621D00A4A5DE /* static */ = {
			isa = PBXGroup;
			children = (
				C3FAC2801655621D00A4A5DE /* icons */,
				C3FAC28B1655621D00A4A5DE /* images */,
				C3FAC2A81655621D00A4A5DE /* tiles */,
			);
			name = static;
			path = omni_timeline/static;
			sourceTree = SOURCE_ROOT;
		};
		C3FAC2801655621D00A4A5DE /* icons */ = {
			isa = PBXGroup;
			children = (
				C3FAC2811655621D00A4A5DE /* Icon-72.png */,
				C3FAC2821655621D00A4A5DE /* Icon-72@2x.png */,
				C3FAC2831655621D00A4A5DE /* Icon-Small-50.png */,
				C3FAC2841655621D00A4A5DE /* Icon-Small-50@2x.png */,
				C3FAC2851655621D00A4A5DE /* Icon-Small.png */,
				C3FAC2861655621D00A4A5DE /* Icon-Small@2x.png */,
				C3FAC2871655621D00A4A5DE /* Icon.png */,
				C3FAC2881655621D00A4A5DE /* Icon@2x.png */,
				C3FAC2891655621D00A4A5DE /* iTunesArtwork.png */,
				C3FAC28A1655621D00A4A5DE /* iTunesArtwork@2x.png */,
			);
			path = icons;
			sourceTree = "<group>";
		};
		C3FAC28B1655621D00A4A5DE /* images */ = {
			isa = PBXGroup;
			children = (
				C3FAC2EB1655636500A4A5DE /* frame-background.png */,
				C3FAC2EC1655636500A4A5DE /* frame-background@2x.png */,
				C3FAC2E61655636000A4A5DE /* balloon.png */,
				C3FAC2E71655636000A4A5DE /* balloon@2x.png */,
				C3FAC28C1655621D00A4A5DE /* background.png */,
				C3FAC28D1655621D00A4A5DE /* background@2x.png */,
				C3FAC2941655621D00A4A5DE /* dummy_girl_1.png */,
				C3FAC2951655621D00A4A5DE /* dummy_girl_1@2x.png */,
				C3FAC2961655621D00A4A5DE /* dummy_girl_2.png */,
				C3FAC2971655621D00A4A5DE /* dummy_girl_2@2x.png */,
				C3FAC2981655621D00A4A5DE /* dummy_guy_1.png */,
				C3FAC2991655621D00A4A5DE /* dummy_guy_1@2x.png */,
				C3FAC29A1655621D00A4A5DE /* dummy_guy_2.png */,
				C3FAC29B1655621D00A4A5DE /* dummy_guy_2@2x.png */,
				C3FAC29C1655621D00A4A5DE /* dummy_guy_3.png */,
				C3FAC29D1655621D00A4A5DE /* dummy_guy_3@2x.png */,
				C3FAC29E1655621D00A4A5DE /* line.png */,
				C3FAC29F1655621D00A4A5DE /* line@2x.png */,
				C3FAC2A01655621D00A4A5DE /* point-blue.png */,
				C3FAC2A11655621D00A4A5DE /* point-blue@2x.png */,
				C3FAC2A21655621D00A4A5DE /* point-dark.png */,
				C3FAC2A31655621D00A4A5DE /* point-dark@2x.png */,
				C3FAC2A41655621D00A4A5DE /* point-light.png */,
				C3FAC2A51655621D00A4A5DE /* point-light@2x.png */,
			);
			path = images;
			sourceTree = "<group>";
		};
		C3FAC2A81655621D00A4A5DE /* tiles */ = {
			isa = PBXGroup;
			children = (
				C3FAC2A91655621D00A4A5DE /* Default-568h@2x.png */,
				C3FAC2AA1655621D00A4A5DE /* Default.png */,
				C3FAC2AB1655621D00A4A5DE /* Default@2x.png */,
			);
			path = tiles;
			sourceTree = "<group>";
		};
		C3FAC2AC1655621D00A4A5DE /* support */ = {
			isa = PBXGroup;
			children = (
				C3FAC2AD1655621D00A4A5DE /* InfoPlist.strings */,
				C3FAC2AF1655621D00A4A5DE /* omni_timeline-Info.plist */,
				C3FAC2B01655621D00A4A5DE /* omni_timeline-Prefix.pch */,
			);
			name = support;
			path = omni_timeline/support;
			sourceTree = SOURCE_ROOT;
		};
		C3FAC2B11655621D00A4A5DE /* views */ = {
			isa = PBXGroup;
			children = (
				C3FAC2B21655621D00A4A5DE /* TimelineViewController.xib */,
				C3FAC2EF165563C100A4A5DE /* TimelineViewControllerA.xib */,
			);
			name = views;
			path = omni_timeline/views;
			sourceTree = SOURCE_ROOT;
		};
/* End PBXGroup section */

/* Begin PBXNativeTarget section */
		C311E9D91655453B006D6197 /* omni_timeline */ = {
			isa = PBXNativeTarget;
			buildConfigurationList = C311E9F81655453B006D6197 /* Build configuration list for PBXNativeTarget "omni_timeline" */;
			buildPhases = (
				C311E9D61655453B006D6197 /* Sources */,
				C311E9D71655453B006D6197 /* Frameworks */,
				C311E9D81655453B006D6197 /* Resources */,
			);
			buildRules = (
			);
			dependencies = (
			);
			name = omni_timeline;
			productName = "Omni Timeline";
			productReference = C311E9DA1655453B006D6197 /* omni_timeline.app */;
			productType = "com.apple.product-type.application";
		};
/* End PBXNativeTarget section */

/* Begin PBXProject section */
		C311E9D11655453B006D6197 /* Project object */ = {
			isa = PBXProject;
			attributes = {
				LastUpgradeCheck = 0450;
				ORGANIZATIONNAME = "Hive Solutions";
			};
			buildConfigurationList = C311E9D41655453B006D6197 /* Build configuration list for PBXProject "omni_timeline" */;
			compatibilityVersion = "Xcode 3.2";
			developmentRegion = English;
			hasScannedForEncodings = 0;
			knownRegions = (
				en,
			);
			mainGroup = C311E9CF1655453B006D6197;
			productRefGroup = C311E9DB1655453B006D6197 /* Products */;
			projectDirPath = "";
			projectRoot = "";
			targets = (
				C311E9D91655453B006D6197 /* omni_timeline */,
			);
		};
/* End PBXProject section */

/* Begin PBXResourcesBuildPhase section */
		C311E9D81655453B006D6197 /* Resources */ = {
			isa = PBXResourcesBuildPhase;
			buildActionMask = 2147483647;
			files = (
				C3FAC2B61655621D00A4A5DE /* Icon-72.png in Resources */,
				C3FAC2B71655621D00A4A5DE /* Icon-72@2x.png in Resources */,
				C3FAC2B81655621D00A4A5DE /* Icon-Small-50.png in Resources */,
				C3FAC2B91655621D00A4A5DE /* Icon-Small-50@2x.png in Resources */,
				C3FAC2BA1655621D00A4A5DE /* Icon-Small.png in Resources */,
				C3FAC2BB1655621D00A4A5DE /* Icon-Small@2x.png in Resources */,
				C3FAC2BC1655621D00A4A5DE /* Icon.png in Resources */,
				C3FAC2BD1655621D00A4A5DE /* Icon@2x.png in Resources */,
				C3FAC2BE1655621D00A4A5DE /* iTunesArtwork.png in Resources */,
				C3FAC2BF1655621D00A4A5DE /* iTunesArtwork@2x.png in Resources */,
				C3FAC2C01655621D00A4A5DE /* background.png in Resources */,
				C3FAC2C11655621D00A4A5DE /* background@2x.png in Resources */,
				C3FAC2C81655621D00A4A5DE /* dummy_girl_1.png in Resources */,
				C3FAC2C91655621D00A4A5DE /* dummy_girl_1@2x.png in Resources */,
				C3FAC2CA1655621D00A4A5DE /* dummy_girl_2.png in Resources */,
				C3FAC2CB1655621D00A4A5DE /* dummy_girl_2@2x.png in Resources */,
				C3FAC2CC1655621D00A4A5DE /* dummy_guy_1.png in Resources */,
				C3FAC2CD1655621D00A4A5DE /* dummy_guy_1@2x.png in Resources */,
				C3FAC2CE1655621D00A4A5DE /* dummy_guy_2.png in Resources */,
				C3FAC2CF1655621D00A4A5DE /* dummy_guy_2@2x.png in Resources */,
				C3FAC2D01655621D00A4A5DE /* dummy_guy_3.png in Resources */,
				C3FAC2D11655621D00A4A5DE /* dummy_guy_3@2x.png in Resources */,
				C3FAC2D21655621D00A4A5DE /* line.png in Resources */,
				C3FAC2D31655621D00A4A5DE /* line@2x.png in Resources */,
				C3FAC2D41655621D00A4A5DE /* point-blue.png in Resources */,
				C3FAC2D51655621D00A4A5DE /* point-blue@2x.png in Resources */,
				C3FAC2D61655621D00A4A5DE /* point-dark.png in Resources */,
				C3FAC2D71655621D00A4A5DE /* point-dark@2x.png in Resources */,
				C3FAC2D81655621D00A4A5DE /* point-light.png in Resources */,
				C3FAC2D91655621D00A4A5DE /* point-light@2x.png in Resources */,
				C3FAC2DC1655621D00A4A5DE /* Default-568h@2x.png in Resources */,
				C3FAC2DD1655621D00A4A5DE /* Default.png in Resources */,
				C3FAC2DE1655621D00A4A5DE /* Default@2x.png in Resources */,
				C3FAC2DF1655621D00A4A5DE /* InfoPlist.strings in Resources */,
				C3FAC2E11655621D00A4A5DE /* TimelineViewController.xib in Resources */,
				C3FAC2E81655636000A4A5DE /* balloon.png in Resources */,
				C3FAC2E91655636000A4A5DE /* balloon@2x.png in Resources */,
				C3FAC2ED1655636500A4A5DE /* frame-background.png in Resources */,
				C3FAC2EE1655636500A4A5DE /* frame-background@2x.png in Resources */,
				C3FAC2F0165563C100A4A5DE /* TimelineViewControllerA.xib in Resources */,
			);
			runOnlyForDeploymentPostprocessing = 0;
		};
/* End PBXResourcesBuildPhase section */

/* Begin PBXSourcesBuildPhase section */
		C311E9D61655453B006D6197 /* Sources */ = {
			isa = PBXSourcesBuildPhase;
			buildActionMask = 2147483647;
			files = (
				C3FAC2B31655621D00A4A5DE /* AppDelegate.m in Sources */,
				C3FAC2B41655621D00A4A5DE /* main.m in Sources */,
				C3FAC2B51655621D00A4A5DE /* TimelineViewController.m in Sources */,
			);
			runOnlyForDeploymentPostprocessing = 0;
		};
/* End PBXSourcesBuildPhase section */

/* Begin PBXVariantGroup section */
		C3FAC2AD1655621D00A4A5DE /* InfoPlist.strings */ = {
			isa = PBXVariantGroup;
			children = (
				C3FAC2AE1655621D00A4A5DE /* en */,
			);
			name = InfoPlist.strings;
			sourceTree = "<group>";
		};
/* End PBXVariantGroup section */

/* Begin XCBuildConfiguration section */
		C311E9F61655453B006D6197 /* Debug */ = {
			isa = XCBuildConfiguration;
			buildSettings = {
				ALWAYS_SEARCH_USER_PATHS = NO;
				CLANG_CXX_LANGUAGE_STANDARD = "gnu++0x";
				CLANG_CXX_LIBRARY = "libc++";
				CLANG_ENABLE_OBJC_ARC = YES;
				CLANG_WARN_EMPTY_BODY = YES;
				CLANG_WARN__DUPLICATE_METHOD_MATCH = YES;
				"CODE_SIGN_IDENTITY[sdk=iphoneos*]" = "iPhone Developer";
				COPY_PHASE_STRIP = NO;
				GCC_C_LANGUAGE_STANDARD = gnu99;
				GCC_DYNAMIC_NO_PIC = NO;
				GCC_OPTIMIZATION_LEVEL = 0;
				GCC_PREPROCESSOR_DEFINITIONS = (
					"DEBUG=1",
					"$(inherited)",
				);
				GCC_SYMBOLS_PRIVATE_EXTERN = NO;
				GCC_WARN_ABOUT_RETURN_TYPE = YES;
				GCC_WARN_UNINITIALIZED_AUTOS = YES;
				GCC_WARN_UNUSED_VARIABLE = YES;
				IPHONEOS_DEPLOYMENT_TARGET = 6.0;
				ONLY_ACTIVE_ARCH = YES;
				SDKROOT = iphoneos;
				TARGETED_DEVICE_FAMILY = "1,2";
			};
			name = Debug;
		};
		C311E9F71655453B006D6197 /* Release */ = {
			isa = XCBuildConfiguration;
			buildSettings = {
				ALWAYS_SEARCH_USER_PATHS = NO;
				CLANG_CXX_LANGUAGE_STANDARD = "gnu++0x";
				CLANG_CXX_LIBRARY = "libc++";
				CLANG_ENABLE_OBJC_ARC = YES;
				CLANG_WARN_EMPTY_BODY = YES;
				CLANG_WARN__DUPLICATE_METHOD_MATCH = YES;
				"CODE_SIGN_IDENTITY[sdk=iphoneos*]" = "iPhone Developer";
				COPY_PHASE_STRIP = YES;
				GCC_C_LANGUAGE_STANDARD = gnu99;
				GCC_WARN_ABOUT_RETURN_TYPE = YES;
				GCC_WARN_UNINITIALIZED_AUTOS = YES;
				GCC_WARN_UNUSED_VARIABLE = YES;
				IPHONEOS_DEPLOYMENT_TARGET = 6.0;
				OTHER_CFLAGS = "-DNS_BLOCK_ASSERTIONS=1";
				SDKROOT = iphoneos;
				TARGETED_DEVICE_FAMILY = "1,2";
				VALIDATE_PRODUCT = YES;
			};
			name = Release;
		};
		C311E9F91655453B006D6197 /* Debug */ = {
			isa = XCBuildConfiguration;
			buildSettings = {
				FRAMEWORK_SEARCH_PATHS = (
					"$(inherited)",
					"\"$(SRCROOT)/../../../Documents/Cameo\"",
				);
				GCC_PRECOMPILE_PREFIX_HEADER = YES;
				GCC_PREFIX_HEADER = "omni_timeline/support/omni_timeline-Prefix.pch";
				INFOPLIST_FILE = "omni_timeline/support/omni_timeline-Info.plist";
				IPHONEOS_DEPLOYMENT_TARGET = 5.0;
				PRODUCT_NAME = "$(TARGET_NAME)";
				WRAPPER_EXTENSION = app;
			};
			name = Debug;
		};
		C311E9FA1655453B006D6197 /* Release */ = {
			isa = XCBuildConfiguration;
			buildSettings = {
				FRAMEWORK_SEARCH_PATHS = (
					"$(inherited)",
					"\"$(SRCROOT)/../../../Documents/Cameo\"",
				);
				GCC_PRECOMPILE_PREFIX_HEADER = YES;
				GCC_PREFIX_HEADER = "omni_timeline/support/omni_timeline-Prefix.pch";
				INFOPLIST_FILE = "omni_timeline/support/omni_timeline-Info.plist";
				IPHONEOS_DEPLOYMENT_TARGET = 5.0;
				PRODUCT_NAME = "$(TARGET_NAME)";
				WRAPPER_EXTENSION = app;
			};
			name = Release;
		};
/* End XCBuildConfiguration section */

/* Begin XCConfigurationList section */
		C311E9D41655453B006D6197 /* Build configuration list for PBXProject "omni_timeline" */ = {
			isa = XCConfigurationList;
			buildConfigurations = (
				C311E9F61655453B006D6197 /* Debug */,
				C311E9F71655453B006D6197 /* Release */,
			);
			defaultConfigurationIsVisible = 0;
			defaultConfigurationName = Release;
		};
		C311E9F81655453B006D6197 /* Build configuration list for PBXNativeTarget "omni_timeline" */ = {
			isa = XCConfigurationList;
			buildConfigurations = (
				C311E9F91655453B006D6197 /* Debug */,
				C311E9FA1655453B006D6197 /* Release */,
			);
			defaultConfigurationIsVisible = 0;
			defaultConfigurationName = Release;
		};
/* End XCConfigurationList section */
	};
	rootObject = C311E9D11655453B006D6197 /* Project object */;
}
