// !$*UTF8*$!
{
	archiveVersion = 1;
	classes = {
	};
	objectVersion = 46;
	objects = {

/* Begin PBXBuildFile section */
		C30DBA221655735A002B678E /* AppDelegate.m in Sources */ = {isa = PBXBuildFile; fileRef = C30DB9EC1655735A002B678E /* AppDelegate.m */; };
		C30DBA231655735A002B678E /* main.m in Sources */ = {isa = PBXBuildFile; fileRef = C30DB9EE1655735A002B678E /* main.m */; };
		C30DBA241655735A002B678E /* TimelineViewController.m in Sources */ = {isa = PBXBuildFile; fileRef = C30DB9F01655735A002B678E /* TimelineViewController.m */; };
		C30DBA251655735A002B678E /* Icon-72.png in Resources */ = {isa = PBXBuildFile; fileRef = C30DB9F31655735A002B678E /* Icon-72.png */; };
		C30DBA261655735A002B678E /* Icon-72@2x.png in Resources */ = {isa = PBXBuildFile; fileRef = C30DB9F41655735A002B678E /* Icon-72@2x.png */; };
		C30DBA271655735A002B678E /* Icon-Small-50.png in Resources */ = {isa = PBXBuildFile; fileRef = C30DB9F51655735A002B678E /* Icon-Small-50.png */; };
		C30DBA281655735A002B678E /* Icon-Small-50@2x.png in Resources */ = {isa = PBXBuildFile; fileRef = C30DB9F61655735A002B678E /* Icon-Small-50@2x.png */; };
		C30DBA291655735A002B678E /* Icon-Small.png in Resources */ = {isa = PBXBuildFile; fileRef = C30DB9F71655735A002B678E /* Icon-Small.png */; };
		C30DBA2A1655735A002B678E /* Icon-Small@2x.png in Resources */ = {isa = PBXBuildFile; fileRef = C30DB9F81655735A002B678E /* Icon-Small@2x.png */; };
		C30DBA2B1655735A002B678E /* Icon.png in Resources */ = {isa = PBXBuildFile; fileRef = C30DB9F91655735A002B678E /* Icon.png */; };
		C30DBA2C1655735A002B678E /* Icon@2x.png in Resources */ = {isa = PBXBuildFile; fileRef = C30DB9FA1655735A002B678E /* Icon@2x.png */; };
		C30DBA2D1655735A002B678E /* iTunesArtwork.png in Resources */ = {isa = PBXBuildFile; fileRef = C30DB9FB1655735A002B678E /* iTunesArtwork.png */; };
		C30DBA2E1655735A002B678E /* iTunesArtwork@2x.png in Resources */ = {isa = PBXBuildFile; fileRef = C30DB9FC1655735A002B678E /* iTunesArtwork@2x.png */; };
		C30DBA2F1655735A002B678E /* background.png in Resources */ = {isa = PBXBuildFile; fileRef = C30DB9FE1655735A002B678E /* background.png */; };
		C30DBA301655735A002B678E /* background@2x.png in Resources */ = {isa = PBXBuildFile; fileRef = C30DB9FF1655735A002B678E /* background@2x.png */; };
		C30DBA311655735A002B678E /* balloon.png in Resources */ = {isa = PBXBuildFile; fileRef = C30DBA001655735A002B678E /* balloon.png */; };
		C30DBA321655735A002B678E /* balloon@2x.png in Resources */ = {isa = PBXBuildFile; fileRef = C30DBA011655735A002B678E /* balloon@2x.png */; };
		C30DBA331655735A002B678E /* dummy_girl_1.png in Resources */ = {isa = PBXBuildFile; fileRef = C30DBA021655735A002B678E /* dummy_girl_1.png */; };
		C30DBA341655735A002B678E /* dummy_girl_1@2x.png in Resources */ = {isa = PBXBuildFile; fileRef = C30DBA031655735A002B678E /* dummy_girl_1@2x.png */; };
		C30DBA351655735A002B678E /* dummy_girl_2.png in Resources */ = {isa = PBXBuildFile; fileRef = C30DBA041655735A002B678E /* dummy_girl_2.png */; };
		C30DBA361655735A002B678E /* dummy_girl_2@2x.png in Resources */ = {isa = PBXBuildFile; fileRef = C30DBA051655735A002B678E /* dummy_girl_2@2x.png */; };
		C30DBA371655735A002B678E /* dummy_guy_1.png in Resources */ = {isa = PBXBuildFile; fileRef = C30DBA061655735A002B678E /* dummy_guy_1.png */; };
		C30DBA381655735A002B678E /* dummy_guy_1@2x.png in Resources */ = {isa = PBXBuildFile; fileRef = C30DBA071655735A002B678E /* dummy_guy_1@2x.png */; };
		C30DBA391655735A002B678E /* dummy_guy_2.png in Resources */ = {isa = PBXBuildFile; fileRef = C30DBA081655735A002B678E /* dummy_guy_2.png */; };
		C30DBA3A1655735A002B678E /* dummy_guy_2@2x.png in Resources */ = {isa = PBXBuildFile; fileRef = C30DBA091655735A002B678E /* dummy_guy_2@2x.png */; };
		C30DBA3B1655735A002B678E /* dummy_guy_3.png in Resources */ = {isa = PBXBuildFile; fileRef = C30DBA0A1655735A002B678E /* dummy_guy_3.png */; };
		C30DBA3C1655735A002B678E /* dummy_guy_3@2x.png in Resources */ = {isa = PBXBuildFile; fileRef = C30DBA0B1655735A002B678E /* dummy_guy_3@2x.png */; };
		C30DBA3D1655735A002B678E /* frame-background.png in Resources */ = {isa = PBXBuildFile; fileRef = C30DBA0C1655735A002B678E /* frame-background.png */; };
		C30DBA3E1655735A002B678E /* frame-background@2x.png in Resources */ = {isa = PBXBuildFile; fileRef = C30DBA0D1655735A002B678E /* frame-background@2x.png */; };
		C30DBA3F1655735A002B678E /* line.png in Resources */ = {isa = PBXBuildFile; fileRef = C30DBA0E1655735A002B678E /* line.png */; };
		C30DBA401655735A002B678E /* line@2x.png in Resources */ = {isa = PBXBuildFile; fileRef = C30DBA0F1655735A002B678E /* line@2x.png */; };
		C30DBA411655735A002B678E /* point-blue.png in Resources */ = {isa = PBXBuildFile; fileRef = C30DBA101655735A002B678E /* point-blue.png */; };
		C30DBA421655735A002B678E /* point-blue@2x.png in Resources */ = {isa = PBXBuildFile; fileRef = C30DBA111655735A002B678E /* point-blue@2x.png */; };
		C30DBA431655735A002B678E /* point-dark.png in Resources */ = {isa = PBXBuildFile; fileRef = C30DBA121655735A002B678E /* point-dark.png */; };
		C30DBA441655735A002B678E /* point-dark@2x.png in Resources */ = {isa = PBXBuildFile; fileRef = C30DBA131655735A002B678E /* point-dark@2x.png */; };
		C30DBA451655735A002B678E /* point-light.png in Resources */ = {isa = PBXBuildFile; fileRef = C30DBA141655735A002B678E /* point-light.png */; };
		C30DBA461655735A002B678E /* point-light@2x.png in Resources */ = {isa = PBXBuildFile; fileRef = C30DBA151655735A002B678E /* point-light@2x.png */; };
		C30DBA471655735A002B678E /* Default-568h@2x.png in Resources */ = {isa = PBXBuildFile; fileRef = C30DBA171655735A002B678E /* Default-568h@2x.png */; };
		C30DBA481655735A002B678E /* Default.png in Resources */ = {isa = PBXBuildFile; fileRef = C30DBA181655735A002B678E /* Default.png */; };
		C30DBA491655735A002B678E /* Default@2x.png in Resources */ = {isa = PBXBuildFile; fileRef = C30DBA191655735A002B678E /* Default@2x.png */; };
		C30DBA4A1655735A002B678E /* InfoPlist.strings in Resources */ = {isa = PBXBuildFile; fileRef = C30DBA1B1655735A002B678E /* InfoPlist.strings */; };
		C30DBA4C1655735A002B678E /* TimelineViewController.xib in Resources */ = {isa = PBXBuildFile; fileRef = C30DBA201655735A002B678E /* TimelineViewController.xib */; };
		C30DBA4D1655735A002B678E /* TimelineViewControllerA.xib in Resources */ = {isa = PBXBuildFile; fileRef = C30DBA211655735A002B678E /* TimelineViewControllerA.xib */; };
		C311E9DF1655453B006D6197 /* UIKit.framework in Frameworks */ = {isa = PBXBuildFile; fileRef = C311E9DE1655453B006D6197 /* UIKit.framework */; };
		C311E9E11655453B006D6197 /* Foundation.framework in Frameworks */ = {isa = PBXBuildFile; fileRef = C311E9E01655453B006D6197 /* Foundation.framework */; };
		C311E9E31655453B006D6197 /* CoreGraphics.framework in Frameworks */ = {isa = PBXBuildFile; fileRef = C311E9E21655453B006D6197 /* CoreGraphics.framework */; };
		C3408B291655527E009AEBB1 /* Cameo.framework in Frameworks */ = {isa = PBXBuildFile; fileRef = C3408B281655527D009AEBB1 /* Cameo.framework */; };
/* End PBXBuildFile section */

/* Begin PBXFileReference section */
		C30DB9EB1655735A002B678E /* AppDelegate.h */ = {isa = PBXFileReference; fileEncoding = 4; lastKnownFileType = sourcecode.c.h; path = AppDelegate.h; sourceTree = "<group>"; };
		C30DB9EC1655735A002B678E /* AppDelegate.m */ = {isa = PBXFileReference; fileEncoding = 4; lastKnownFileType = sourcecode.c.objc; path = AppDelegate.m; sourceTree = "<group>"; };
		C30DB9ED1655735A002B678E /* Dependencies.h */ = {isa = PBXFileReference; fileEncoding = 4; lastKnownFileType = sourcecode.c.h; path = Dependencies.h; sourceTree = "<group>"; };
		C30DB9EE1655735A002B678E /* main.m */ = {isa = PBXFileReference; fileEncoding = 4; lastKnownFileType = sourcecode.c.objc; path = main.m; sourceTree = "<group>"; };
		C30DB9EF1655735A002B678E /* TimelineViewController.h */ = {isa = PBXFileReference; fileEncoding = 4; lastKnownFileType = sourcecode.c.h; path = TimelineViewController.h; sourceTree = "<group>"; };
		C30DB9F01655735A002B678E /* TimelineViewController.m */ = {isa = PBXFileReference; fileEncoding = 4; lastKnownFileType = sourcecode.c.objc; path = TimelineViewController.m; sourceTree = "<group>"; };
		C30DB9F31655735A002B678E /* Icon-72.png */ = {isa = PBXFileReference; lastKnownFileType = image.png; path = "Icon-72.png"; sourceTree = "<group>"; };
		C30DB9F41655735A002B678E /* Icon-72@2x.png */ = {isa = PBXFileReference; lastKnownFileType = image.png; path = "Icon-72@2x.png"; sourceTree = "<group>"; };
		C30DB9F51655735A002B678E /* Icon-Small-50.png */ = {isa = PBXFileReference; lastKnownFileType = image.png; path = "Icon-Small-50.png"; sourceTree = "<group>"; };
		C30DB9F61655735A002B678E /* Icon-Small-50@2x.png */ = {isa = PBXFileReference; lastKnownFileType = image.png; path = "Icon-Small-50@2x.png"; sourceTree = "<group>"; };
		C30DB9F71655735A002B678E /* Icon-Small.png */ = {isa = PBXFileReference; lastKnownFileType = image.png; path = "Icon-Small.png"; sourceTree = "<group>"; };
		C30DB9F81655735A002B678E /* Icon-Small@2x.png */ = {isa = PBXFileReference; lastKnownFileType = image.png; path = "Icon-Small@2x.png"; sourceTree = "<group>"; };
		C30DB9F91655735A002B678E /* Icon.png */ = {isa = PBXFileReference; lastKnownFileType = image.png; path = Icon.png; sourceTree = "<group>"; };
		C30DB9FA1655735A002B678E /* Icon@2x.png */ = {isa = PBXFileReference; lastKnownFileType = image.png; path = "Icon@2x.png"; sourceTree = "<group>"; };
		C30DB9FB1655735A002B678E /* iTunesArtwork.png */ = {isa = PBXFileReference; lastKnownFileType = image.png; path = iTunesArtwork.png; sourceTree = "<group>"; };
		C30DB9FC1655735A002B678E /* iTunesArtwork@2x.png */ = {isa = PBXFileReference; lastKnownFileType = image.png; path = "iTunesArtwork@2x.png"; sourceTree = "<group>"; };
		C30DB9FE1655735A002B678E /* background.png */ = {isa = PBXFileReference; lastKnownFileType = image.png; path = background.png; sourceTree = "<group>"; };
		C30DB9FF1655735A002B678E /* background@2x.png */ = {isa = PBXFileReference; lastKnownFileType = image.png; path = "background@2x.png"; sourceTree = "<group>"; };
		C30DBA001655735A002B678E /* balloon.png */ = {isa = PBXFileReference; lastKnownFileType = image.png; path = balloon.png; sourceTree = "<group>"; };
		C30DBA011655735A002B678E /* balloon@2x.png */ = {isa = PBXFileReference; lastKnownFileType = image.png; path = "balloon@2x.png"; sourceTree = "<group>"; };
		C30DBA021655735A002B678E /* dummy_girl_1.png */ = {isa = PBXFileReference; lastKnownFileType = image.png; path = dummy_girl_1.png; sourceTree = "<group>"; };
		C30DBA031655735A002B678E /* dummy_girl_1@2x.png */ = {isa = PBXFileReference; lastKnownFileType = image.png; path = "dummy_girl_1@2x.png"; sourceTree = "<group>"; };
		C30DBA041655735A002B678E /* dummy_girl_2.png */ = {isa = PBXFileReference; lastKnownFileType = image.png; path = dummy_girl_2.png; sourceTree = "<group>"; };
		C30DBA051655735A002B678E /* dummy_girl_2@2x.png */ = {isa = PBXFileReference; lastKnownFileType = image.png; path = "dummy_girl_2@2x.png"; sourceTree = "<group>"; };
		C30DBA061655735A002B678E /* dummy_guy_1.png */ = {isa = PBXFileReference; lastKnownFileType = image.png; path = dummy_guy_1.png; sourceTree = "<group>"; };
		C30DBA071655735A002B678E /* dummy_guy_1@2x.png */ = {isa = PBXFileReference; lastKnownFileType = image.png; path = "dummy_guy_1@2x.png"; sourceTree = "<group>"; };
		C30DBA081655735A002B678E /* dummy_guy_2.png */ = {isa = PBXFileReference; lastKnownFileType = image.png; path = dummy_guy_2.png; sourceTree = "<group>"; };
		C30DBA091655735A002B678E /* dummy_guy_2@2x.png */ = {isa = PBXFileReference; lastKnownFileType = image.png; path = "dummy_guy_2@2x.png"; sourceTree = "<group>"; };
		C30DBA0A1655735A002B678E /* dummy_guy_3.png */ = {isa = PBXFileReference; lastKnownFileType = image.png; path = dummy_guy_3.png; sourceTree = "<group>"; };
		C30DBA0B1655735A002B678E /* dummy_guy_3@2x.png */ = {isa = PBXFileReference; lastKnownFileType = image.png; path = "dummy_guy_3@2x.png"; sourceTree = "<group>"; };
		C30DBA0C1655735A002B678E /* frame-background.png */ = {isa = PBXFileReference; lastKnownFileType = image.png; path = "frame-background.png"; sourceTree = "<group>"; };
		C30DBA0D1655735A002B678E /* frame-background@2x.png */ = {isa = PBXFileReference; lastKnownFileType = image.png; path = "frame-background@2x.png"; sourceTree = "<group>"; };
		C30DBA0E1655735A002B678E /* line.png */ = {isa = PBXFileReference; lastKnownFileType = image.png; path = line.png; sourceTree = "<group>"; };
		C30DBA0F1655735A002B678E /* line@2x.png */ = {isa = PBXFileReference; lastKnownFileType = image.png; path = "line@2x.png"; sourceTree = "<group>"; };
		C30DBA101655735A002B678E /* point-blue.png */ = {isa = PBXFileReference; lastKnownFileType = image.png; path = "point-blue.png"; sourceTree = "<group>"; };
		C30DBA111655735A002B678E /* point-blue@2x.png */ = {isa = PBXFileReference; lastKnownFileType = image.png; path = "point-blue@2x.png"; sourceTree = "<group>"; };
		C30DBA121655735A002B678E /* point-dark.png */ = {isa = PBXFileReference; lastKnownFileType = image.png; path = "point-dark.png"; sourceTree = "<group>"; };
		C30DBA131655735A002B678E /* point-dark@2x.png */ = {isa = PBXFileReference; lastKnownFileType = image.png; path = "point-dark@2x.png"; sourceTree = "<group>"; };
		C30DBA141655735A002B678E /* point-light.png */ = {isa = PBXFileReference; lastKnownFileType = image.png; path = "point-light.png"; sourceTree = "<group>"; };
		C30DBA151655735A002B678E /* point-light@2x.png */ = {isa = PBXFileReference; lastKnownFileType = image.png; path = "point-light@2x.png"; sourceTree = "<group>"; };
		C30DBA171655735A002B678E /* Default-568h@2x.png */ = {isa = PBXFileReference; lastKnownFileType = image.png; path = "Default-568h@2x.png"; sourceTree = "<group>"; };
		C30DBA181655735A002B678E /* Default.png */ = {isa = PBXFileReference; lastKnownFileType = image.png; path = Default.png; sourceTree = "<group>"; };
		C30DBA191655735A002B678E /* Default@2x.png */ = {isa = PBXFileReference; lastKnownFileType = image.png; path = "Default@2x.png"; sourceTree = "<group>"; };
		C30DBA1C1655735A002B678E /* en */ = {isa = PBXFileReference; lastKnownFileType = text.plist.strings; name = en; path = en.lproj/InfoPlist.strings; sourceTree = "<group>"; };
		C30DBA1D1655735A002B678E /* omni_timeline-Info.plist */ = {isa = PBXFileReference; fileEncoding = 4; lastKnownFileType = text.plist.xml; path = "omni_timeline-Info.plist"; sourceTree = "<group>"; };
		C30DBA1E1655735A002B678E /* omni_timeline-Prefix.pch */ = {isa = PBXFileReference; fileEncoding = 4; lastKnownFileType = sourcecode.c.h; path = "omni_timeline-Prefix.pch"; sourceTree = "<group>"; };
		C30DBA201655735A002B678E /* TimelineViewController.xib */ = {isa = PBXFileReference; fileEncoding = 4; lastKnownFileType = file.xib; path = TimelineViewController.xib; sourceTree = "<group>"; };
		C30DBA211655735A002B678E /* TimelineViewControllerA.xib */ = {isa = PBXFileReference; fileEncoding = 4; lastKnownFileType = file.xib; path = TimelineViewControllerA.xib; sourceTree = "<group>"; };
		C311E9DA1655453B006D6197 /* omni_timeline.app */ = {isa = PBXFileReference; explicitFileType = wrapper.application; includeInIndex = 0; path = omni_timeline.app; sourceTree = BUILT_PRODUCTS_DIR; };
		C311E9DE1655453B006D6197 /* UIKit.framework */ = {isa = PBXFileReference; lastKnownFileType = wrapper.framework; name = UIKit.framework; path = System/Library/Frameworks/UIKit.framework; sourceTree = SDKROOT; };
		C311E9E01655453B006D6197 /* Foundation.framework */ = {isa = PBXFileReference; lastKnownFileType = wrapper.framework; name = Foundation.framework; path = System/Library/Frameworks/Foundation.framework; sourceTree = SDKROOT; };
		C311E9E21655453B006D6197 /* CoreGraphics.framework */ = {isa = PBXFileReference; lastKnownFileType = wrapper.framework; name = CoreGraphics.framework; path = System/Library/Frameworks/CoreGraphics.framework; sourceTree = SDKROOT; };
		C3408B281655527D009AEBB1 /* Cameo.framework */ = {isa = PBXFileReference; lastKnownFileType = wrapper.framework; name = Cameo.framework; path = ../../../Documents/Cameo/Cameo.framework; sourceTree = "<group>"; };
/* End PBXFileReference section */

/* Begin PBXFrameworksBuildPhase section */
		C311E9D71655453B006D6197 /* Frameworks */ = {
			isa = PBXFrameworksBuildPhase;
			buildActionMask = 2147483647;
			files = (
				C3408B291655527E009AEBB1 /* Cameo.framework in Frameworks */,
				C311E9DF1655453B006D6197 /* UIKit.framework in Frameworks */,
				C311E9E11655453B006D6197 /* Foundation.framework in Frameworks */,
				C311E9E31655453B006D6197 /* CoreGraphics.framework in Frameworks */,
			);
			runOnlyForDeploymentPostprocessing = 0;
		};
/* End PBXFrameworksBuildPhase section */

/* Begin PBXGroup section */
		C30DB9EA1655735A002B678E /* classes */ = {
			isa = PBXGroup;
			children = (
				C30DB9EB1655735A002B678E /* AppDelegate.h */,
				C30DB9EC1655735A002B678E /* AppDelegate.m */,
				C30DB9ED1655735A002B678E /* Dependencies.h */,
				C30DB9EE1655735A002B678E /* main.m */,
				C30DB9EF1655735A002B678E /* TimelineViewController.h */,
				C30DB9F01655735A002B678E /* TimelineViewController.m */,
			);
			name = classes;
			path = src/classes;
			sourceTree = SOURCE_ROOT;
		};
		C30DB9F11655735A002B678E /* static */ = {
			isa = PBXGroup;
			children = (
				C30DB9F21655735A002B678E /* icons */,
				C30DB9FD1655735A002B678E /* images */,
				C30DBA161655735A002B678E /* tiles */,
			);
			name = static;
			path = src/static;
			sourceTree = SOURCE_ROOT;
		};
		C30DB9F21655735A002B678E /* icons */ = {
			isa = PBXGroup;
			children = (
				C30DB9F31655735A002B678E /* Icon-72.png */,
				C30DB9F41655735A002B678E /* Icon-72@2x.png */,
				C30DB9F51655735A002B678E /* Icon-Small-50.png */,
				C30DB9F61655735A002B678E /* Icon-Small-50@2x.png */,
				C30DB9F71655735A002B678E /* Icon-Small.png */,
				C30DB9F81655735A002B678E /* Icon-Small@2x.png */,
				C30DB9F91655735A002B678E /* Icon.png */,
				C30DB9FA1655735A002B678E /* Icon@2x.png */,
				C30DB9FB1655735A002B678E /* iTunesArtwork.png */,
				C30DB9FC1655735A002B678E /* iTunesArtwork@2x.png */,
			);
			path = icons;
			sourceTree = "<group>";
		};
		C30DB9FD1655735A002B678E /* images */ = {
			isa = PBXGroup;
			children = (
				C30DB9FE1655735A002B678E /* background.png */,
				C30DB9FF1655735A002B678E /* background@2x.png */,
				C30DBA001655735A002B678E /* balloon.png */,
				C30DBA011655735A002B678E /* balloon@2x.png */,
				C30DBA021655735A002B678E /* dummy_girl_1.png */,
				C30DBA031655735A002B678E /* dummy_girl_1@2x.png */,
				C30DBA041655735A002B678E /* dummy_girl_2.png */,
				C30DBA051655735A002B678E /* dummy_girl_2@2x.png */,
				C30DBA061655735A002B678E /* dummy_guy_1.png */,
				C30DBA071655735A002B678E /* dummy_guy_1@2x.png */,
				C30DBA081655735A002B678E /* dummy_guy_2.png */,
				C30DBA091655735A002B678E /* dummy_guy_2@2x.png */,
				C30DBA0A1655735A002B678E /* dummy_guy_3.png */,
				C30DBA0B1655735A002B678E /* dummy_guy_3@2x.png */,
				C30DBA0C1655735A002B678E /* frame-background.png */,
				C30DBA0D1655735A002B678E /* frame-background@2x.png */,
				C30DBA0E1655735A002B678E /* line.png */,
				C30DBA0F1655735A002B678E /* line@2x.png */,
				C30DBA101655735A002B678E /* point-blue.png */,
				C30DBA111655735A002B678E /* point-blue@2x.png */,
				C30DBA121655735A002B678E /* point-dark.png */,
				C30DBA131655735A002B678E /* point-dark@2x.png */,
				C30DBA141655735A002B678E /* point-light.png */,
				C30DBA151655735A002B678E /* point-light@2x.png */,
			);
			path = images;
			sourceTree = "<group>";
		};
		C30DBA161655735A002B678E /* tiles */ = {
			isa = PBXGroup;
			children = (
				C30DBA171655735A002B678E /* Default-568h@2x.png */,
				C30DBA181655735A002B678E /* Default.png */,
				C30DBA191655735A002B678E /* Default@2x.png */,
			);
			path = tiles;
			sourceTree = "<group>";
		};
		C30DBA1A1655735A002B678E /* support */ = {
			isa = PBXGroup;
			children = (
				C30DBA1B1655735A002B678E /* InfoPlist.strings */,
				C30DBA1D1655735A002B678E /* omni_timeline-Info.plist */,
				C30DBA1E1655735A002B678E /* omni_timeline-Prefix.pch */,
			);
			name = support;
			path = src/support;
			sourceTree = SOURCE_ROOT;
		};
		C30DBA1F1655735A002B678E /* views */ = {
			isa = PBXGroup;
			children = (
				C30DBA201655735A002B678E /* TimelineViewController.xib */,
				C30DBA211655735A002B678E /* TimelineViewControllerA.xib */,
			);
			name = views;
			path = src/views;
			sourceTree = SOURCE_ROOT;
		};
		C311E9CF1655453B006D6197 = {
			isa = PBXGroup;
			children = (
				C311E9E41655453B006D6197 /* Omni Timeline */,
				C311E9DD1655453B006D6197 /* Frameworks */,
				C311E9DB1655453B006D6197 /* Products */,
			);
			sourceTree = "<group>";
		};
		C311E9DB1655453B006D6197 /* Products */ = {
			isa = PBXGroup;
			children = (
				C311E9DA1655453B006D6197 /* omni_timeline.app */,
			);
			name = Products;
			sourceTree = "<group>";
		};
		C311E9DD1655453B006D6197 /* Frameworks */ = {
			isa = PBXGroup;
			children = (
				C3408B281655527D009AEBB1 /* Cameo.framework */,
				C311E9DE1655453B006D6197 /* UIKit.framework */,
				C311E9E01655453B006D6197 /* Foundation.framework */,
				C311E9E21655453B006D6197 /* CoreGraphics.framework */,
			);
			name = Frameworks;
			sourceTree = "<group>";
		};
		C311E9E41655453B006D6197 /* Omni Timeline */ = {
			isa = PBXGroup;
			children = (
				C30DB9EA1655735A002B678E /* classes */,
				C30DB9F11655735A002B678E /* static */,
				C30DBA1A1655735A002B678E /* support */,
				C30DBA1F1655735A002B678E /* views */,
			);
			path = "Omni Timeline";
			sourceTree = "<group>";
		};
/* End PBXGroup section */

/* Begin PBXNativeTarget section */
		C311E9D91655453B006D6197 /* omni_timeline */ = {
			isa = PBXNativeTarget;
			buildConfigurationList = C311E9F81655453B006D6197 /* Build configuration list for PBXNativeTarget "omni_timeline" */;
			buildPhases = (
				C311E9D61655453B006D6197 /* Sources */,
				C311E9D71655453B006D6197 /* Frameworks */,
				C311E9D81655453B006D6197 /* Resources */,
			);
			buildRules = (
			);
			dependencies = (
			);
			name = omni_timeline;
			productName = "Omni Timeline";
			productReference = C311E9DA1655453B006D6197 /* omni_timeline.app */;
			productType = "com.apple.product-type.application";
		};
/* End PBXNativeTarget section */

/* Begin PBXProject section */
		C311E9D11655453B006D6197 /* Project object */ = {
			isa = PBXProject;
			attributes = {
				LastUpgradeCheck = 0450;
				ORGANIZATIONNAME = "Hive Solutions";
			};
			buildConfigurationList = C311E9D41655453B006D6197 /* Build configuration list for PBXProject "omni_timeline" */;
			compatibilityVersion = "Xcode 3.2";
			developmentRegion = English;
			hasScannedForEncodings = 0;
			knownRegions = (
				en,
			);
			mainGroup = C311E9CF1655453B006D6197;
			productRefGroup = C311E9DB1655453B006D6197 /* Products */;
			projectDirPath = "";
			projectRoot = "";
			targets = (
				C311E9D91655453B006D6197 /* omni_timeline */,
			);
		};
/* End PBXProject section */

/* Begin PBXResourcesBuildPhase section */
		C311E9D81655453B006D6197 /* Resources */ = {
			isa = PBXResourcesBuildPhase;
			buildActionMask = 2147483647;
			files = (
				C30DBA251655735A002B678E /* Icon-72.png in Resources */,
				C30DBA261655735A002B678E /* Icon-72@2x.png in Resources */,
				C30DBA271655735A002B678E /* Icon-Small-50.png in Resources */,
				C30DBA281655735A002B678E /* Icon-Small-50@2x.png in Resources */,
				C30DBA291655735A002B678E /* Icon-Small.png in Resources */,
				C30DBA2A1655735A002B678E /* Icon-Small@2x.png in Resources */,
				C30DBA2B1655735A002B678E /* Icon.png in Resources */,
				C30DBA2C1655735A002B678E /* Icon@2x.png in Resources */,
				C30DBA2D1655735A002B678E /* iTunesArtwork.png in Resources */,
				C30DBA2E1655735A002B678E /* iTunesArtwork@2x.png in Resources */,
				C30DBA2F1655735A002B678E /* background.png in Resources */,
				C30DBA301655735A002B678E /* background@2x.png in Resources */,
				C30DBA311655735A002B678E /* balloon.png in Resources */,
				C30DBA321655735A002B678E /* balloon@2x.png in Resources */,
				C30DBA331655735A002B678E /* dummy_girl_1.png in Resources */,
				C30DBA341655735A002B678E /* dummy_girl_1@2x.png in Resources */,
				C30DBA351655735A002B678E /* dummy_girl_2.png in Resources */,
				C30DBA361655735A002B678E /* dummy_girl_2@2x.png in Resources */,
				C30DBA371655735A002B678E /* dummy_guy_1.png in Resources */,
				C30DBA381655735A002B678E /* dummy_guy_1@2x.png in Resources */,
				C30DBA391655735A002B678E /* dummy_guy_2.png in Resources */,
				C30DBA3A1655735A002B678E /* dummy_guy_2@2x.png in Resources */,
				C30DBA3B1655735A002B678E /* dummy_guy_3.png in Resources */,
				C30DBA3C1655735A002B678E /* dummy_guy_3@2x.png in Resources */,
				C30DBA3D1655735A002B678E /* frame-background.png in Resources */,
				C30DBA3E1655735A002B678E /* frame-background@2x.png in Resources */,
				C30DBA3F1655735A002B678E /* line.png in Resources */,
				C30DBA401655735A002B678E /* line@2x.png in Resources */,
				C30DBA411655735A002B678E /* point-blue.png in Resources */,
				C30DBA421655735A002B678E /* point-blue@2x.png in Resources */,
				C30DBA431655735A002B678E /* point-dark.png in Resources */,
				C30DBA441655735A002B678E /* point-dark@2x.png in Resources */,
				C30DBA451655735A002B678E /* point-light.png in Resources */,
				C30DBA461655735A002B678E /* point-light@2x.png in Resources */,
				C30DBA471655735A002B678E /* Default-568h@2x.png in Resources */,
				C30DBA481655735A002B678E /* Default.png in Resources */,
				C30DBA491655735A002B678E /* Default@2x.png in Resources */,
				C30DBA4A1655735A002B678E /* InfoPlist.strings in Resources */,
				C30DBA4C1655735A002B678E /* TimelineViewController.xib in Resources */,
				C30DBA4D1655735A002B678E /* TimelineViewControllerA.xib in Resources */,
			);
			runOnlyForDeploymentPostprocessing = 0;
		};
/* End PBXResourcesBuildPhase section */

/* Begin PBXSourcesBuildPhase section */
		C311E9D61655453B006D6197 /* Sources */ = {
			isa = PBXSourcesBuildPhase;
			buildActionMask = 2147483647;
			files = (
				C30DBA221655735A002B678E /* AppDelegate.m in Sources */,
				C30DBA231655735A002B678E /* main.m in Sources */,
				C30DBA241655735A002B678E /* TimelineViewController.m in Sources */,
			);
			runOnlyForDeploymentPostprocessing = 0;
		};
/* End PBXSourcesBuildPhase section */

/* Begin PBXVariantGroup section */
		C30DBA1B1655735A002B678E /* InfoPlist.strings */ = {
			isa = PBXVariantGroup;
			children = (
				C30DBA1C1655735A002B678E /* en */,
			);
			name = InfoPlist.strings;
			sourceTree = "<group>";
		};
/* End PBXVariantGroup section */

/* Begin XCBuildConfiguration section */
		C311E9F61655453B006D6197 /* Debug */ = {
			isa = XCBuildConfiguration;
			buildSettings = {
				ALWAYS_SEARCH_USER_PATHS = NO;
				CLANG_CXX_LANGUAGE_STANDARD = "gnu++0x";
				CLANG_CXX_LIBRARY = "libc++";
				CLANG_ENABLE_OBJC_ARC = YES;
				CLANG_WARN_EMPTY_BODY = YES;
				CLANG_WARN__DUPLICATE_METHOD_MATCH = YES;
				"CODE_SIGN_IDENTITY[sdk=iphoneos*]" = "iPhone Developer";
				COPY_PHASE_STRIP = NO;
				GCC_C_LANGUAGE_STANDARD = gnu99;
				GCC_DYNAMIC_NO_PIC = NO;
				GCC_OPTIMIZATION_LEVEL = 0;
				GCC_PREPROCESSOR_DEFINITIONS = (
					"DEBUG=1",
					"$(inherited)",
				);
				GCC_SYMBOLS_PRIVATE_EXTERN = NO;
				GCC_WARN_ABOUT_RETURN_TYPE = YES;
				GCC_WARN_UNINITIALIZED_AUTOS = YES;
				GCC_WARN_UNUSED_VARIABLE = YES;
				IPHONEOS_DEPLOYMENT_TARGET = 6.0;
				ONLY_ACTIVE_ARCH = YES;
				SDKROOT = iphoneos;
				TARGETED_DEVICE_FAMILY = "1,2";
			};
			name = Debug;
		};
		C311E9F71655453B006D6197 /* Release */ = {
			isa = XCBuildConfiguration;
			buildSettings = {
				ALWAYS_SEARCH_USER_PATHS = NO;
				CLANG_CXX_LANGUAGE_STANDARD = "gnu++0x";
				CLANG_CXX_LIBRARY = "libc++";
				CLANG_ENABLE_OBJC_ARC = YES;
				CLANG_WARN_EMPTY_BODY = YES;
				CLANG_WARN__DUPLICATE_METHOD_MATCH = YES;
				"CODE_SIGN_IDENTITY[sdk=iphoneos*]" = "iPhone Developer";
				COPY_PHASE_STRIP = YES;
				GCC_C_LANGUAGE_STANDARD = gnu99;
				GCC_WARN_ABOUT_RETURN_TYPE = YES;
				GCC_WARN_UNINITIALIZED_AUTOS = YES;
				GCC_WARN_UNUSED_VARIABLE = YES;
				IPHONEOS_DEPLOYMENT_TARGET = 6.0;
				OTHER_CFLAGS = "-DNS_BLOCK_ASSERTIONS=1";
				SDKROOT = iphoneos;
				TARGETED_DEVICE_FAMILY = "1,2";
				VALIDATE_PRODUCT = YES;
			};
			name = Release;
		};
		C311E9F91655453B006D6197 /* Debug */ = {
			isa = XCBuildConfiguration;
			buildSettings = {
				FRAMEWORK_SEARCH_PATHS = (
					"$(inherited)",
					"\"$(SRCROOT)/../../../Documents/Cameo\"",
				);
				GCC_PRECOMPILE_PREFIX_HEADER = YES;
				GCC_PREFIX_HEADER = "src/support/omni_timeline-Prefix.pch";
				INFOPLIST_FILE = "$(SRCROOT)/src/support/omni_timeline-Info.plist";
				IPHONEOS_DEPLOYMENT_TARGET = 5.0;
				PRODUCT_NAME = "$(TARGET_NAME)";
				WRAPPER_EXTENSION = app;
			};
			name = Debug;
		};
		C311E9FA1655453B006D6197 /* Release */ = {
			isa = XCBuildConfiguration;
			buildSettings = {
				FRAMEWORK_SEARCH_PATHS = (
					"$(inherited)",
					"\"$(SRCROOT)/../../../Documents/Cameo\"",
				);
				GCC_PRECOMPILE_PREFIX_HEADER = YES;
				GCC_PREFIX_HEADER = "src/support/omni_timeline-Prefix.pch";
				INFOPLIST_FILE = "$(SRCROOT)/src/support/omni_timeline-Info.plist";
				IPHONEOS_DEPLOYMENT_TARGET = 5.0;
				PRODUCT_NAME = "$(TARGET_NAME)";
				WRAPPER_EXTENSION = app;
			};
			name = Release;
		};
/* End XCBuildConfiguration section */

/* Begin XCConfigurationList section */
		C311E9D41655453B006D6197 /* Build configuration list for PBXProject "omni_timeline" */ = {
			isa = XCConfigurationList;
			buildConfigurations = (
				C311E9F61655453B006D6197 /* Debug */,
				C311E9F71655453B006D6197 /* Release */,
			);
			defaultConfigurationIsVisible = 0;
			defaultConfigurationName = Release;
		};
		C311E9F81655453B006D6197 /* Build configuration list for PBXNativeTarget "omni_timeline" */ = {
			isa = XCConfigurationList;
			buildConfigurations = (
				C311E9F91655453B006D6197 /* Debug */,
				C311E9FA1655453B006D6197 /* Release */,
			);
			defaultConfigurationIsVisible = 0;
			defaultConfigurationName = Release;
		};
/* End XCConfigurationList section */
	};
	rootObject = C311E9D11655453B006D6197 /* Project object */;
}
